{
  "name": "@lumen-build/sync-harness-e2e-fixture",
  "version": "0.0.0",
  "lockfileVersion": 3,
  "requires": true,
  "packages": {
    "": {
      "name": "@lumen-build/sync-harness-e2e-fixture",
      "version": "0.0.0",
      "dependencies": {
        "@anthropic-ai/claude-code": "2.1.233",
        "@copilotkit/aimock": "1.38.0",
        "@github/copilot": "1.0.80",
        "@google/gemini-cli": "0.55.1",
        "@openai/codex": "0.147.0",
        "node": "22.23.2",
        "opencode-ai": "1.18.18"
      }
    },
    "node_modules/@anthropic-ai/claude-code": {
      "version": "2.1.233",
      "resolved": "https://registry.npmjs.org/@anthropic-ai/claude-code/-/claude-code-2.1.233.tgz",
      "integrity": "sha512-WS0ZSsNu2zkQonC+rW7HdByMCkPQ2l+hO1G0LdvWTj40kiYr0qAiSJjCBNRIbi0foBol4IFTCKwLHAN83qxxUQ==",
      "hasInstallScript": true,
      "license": "SEE LICENSE IN README.md",
      "bin": {
        "claude": "bin/claude.exe"
      },
      "engines": {
        "node": ">=22.0.0"
      },
      "optionalDependencies": {
        "@anthropic-ai/claude-code-darwin-arm64": "2.1.233",
        "@anthropic-ai/claude-code-darwin-x64": "2.1.233",
        "@anthropic-ai/claude-code-linux-arm64": "2.1.233",
        "@anthropic-ai/claude-code-linux-arm64-musl": "2.1.233",
        "@anthropic-ai/claude-code-linux-x64": "2.1.233",
        "@anthropic-ai/claude-code-linux-x64-musl": "2.1.233",
        "@anthropic-ai/claude-code-win32-arm64": "2.1.233",
        "@anthropic-ai/claude-code-win32-x64": "2.1.233"
      }
    },
    "node_modules/@anthropic-ai/claude-code-darwin-arm64": {
      "version": "2.1.233",
      "resolved": "https://registry.npmjs.org/@anthropic-ai/claude-code-darwin-arm64/-/claude-code-darwin-arm64-2.1.233.tgz",
      "integrity": "sha512-mB2FyJQ0a+FTWbBTSQ3ZTAmm6Qxr5fSU2jA8JpHQ7XslcoKzmDV+/zN8CdGkshwY3kRLx432kDiHcBoTQuc/Dg==",
      "cpu": [
        "arm64"
      ],
      "license": "SEE LICENSE IN LICENSE.md",
      "optional": true,
      "os": [
        "darwin"
      ]
    },
    "node_modules/@anthropic-ai/claude-code-darwin-x64": {
      "version": "2.1.233",
      "resolved": "https://registry.npmjs.org/@anthropic-ai/claude-code-darwin-x64/-/claude-code-darwin-x64-2.1.233.tgz",
      "integrity": "sha512-uS5jiOm+JNcoPGHHQ0Z5V/8eWYWjPdUHY5LOKPEVaFNR+bDkQcPcsnBZk9oHOiex15TnDsFsTpIWTNLRs2Bv1Q==",
      "cpu": [
        "x64"
      ],
      "license": "SEE LICENSE IN LICENSE.md",
      "optional": true,
      "os": [
        "darwin"
      ]
    },
    "node_modules/@anthropic-ai/claude-code-linux-arm64": {
      "version": "2.1.233",
      "resolved": "https://registry.npmjs.org/@anthropic-ai/claude-code-linux-arm64/-/claude-code-linux-arm64-2.1.233.tgz",
      "integrity": "sha512-G7Te22sph7qywNyfIcQq7Li7bbQp8zBHZV4mDBBP5ZXswkGDJSip8MSNU2OlHsoVgcLtTzNlm0U25wys/r0jag==",
      "cpu": [
        "arm64"
      ],
      "libc": [
        "glibc"
      ],
      "license": "SEE LICENSE IN LICENSE.md",
      "optional": true,
      "os": [
        "linux"
      ]
    },
    "node_modules/@anthropic-ai/claude-code-linux-arm64-musl": {
      "version": "2.1.233",
      "resolved": "https://registry.npmjs.org/@anthropic-ai/claude-code-linux-arm64-musl/-/claude-code-linux-arm64-musl-2.1.233.tgz",
      "integrity": "sha512-XmMTZ3U4hhAUMvOQ794tmkz0/Mga39ecBB7vf+CdSm4HirdzOaGAvW18l7tWhcPRXH3M7Tx1bDefhyRdlSEc5g==",
      "cpu": [
        "arm64"
      ],
      "libc": [
        "musl"
      ],
      "license": "SEE LICENSE IN LICENSE.md",
      "optional": true,
      "os": [
        "linux"
      ]
    },
    "node_modules/@anthropic-ai/claude-code-linux-x64": {
      "version": "2.1.233",
      "resolved": "https://registry.npmjs.org/@anthropic-ai/claude-code-linux-x64/-/claude-code-linux-x64-2.1.233.tgz",
      "integrity": "sha512-ubMVvBBlsks5NE0EmucELB2h/XZ64L86JgmMBUWShLgDAkrrzCh1zIf5qX1+SPskXAnMfKBFTMNeaT6UruxRkQ==",
      "cpu": [
        "x64"
      ],
      "libc": [
        "glibc"
      ],
      "license": "SEE LICENSE IN LICENSE.md",
      "optional": true,
      "os": [
        "linux"
      ]
    },
    "node_modules/@anthropic-ai/claude-code-linux-x64-musl": {
      "version": "2.1.233",
      "resolved": "https://registry.npmjs.org/@anthropic-ai/claude-code-linux-x64-musl/-/claude-code-linux-x64-musl-2.1.233.tgz",
      "integrity": "sha512-KlgySdzFyoGmBLr6ReSBHclRwAzEuRLBmmYSHq2j9BLlXTy1kt0mhJoEffYkw1Hs5dasSK9sGEVgNt6wJ/PMmA==",
      "cpu": [
        "x64"
      ],
      "libc": [
        "musl"
      ],
      "license": "SEE LICENSE IN LICENSE.md",
      "optional": true,
      "os": [
        "linux"
      ]
    },
    "node_modules/@anthropic-ai/claude-code-win32-arm64": {
      "version": "2.1.233",
      "resolved": "https://registry.npmjs.org/@anthropic-ai/claude-code-win32-arm64/-/claude-code-win32-arm64-2.1.233.tgz",
      "integrity": "sha512-bB6YrEv+PtQG9aPhPyAwhJZpPlBqFrqshcHPj+0S1gOkj6CwjtbnTDOMhywsd593XsiI5lWaWi4ZUo0FDZjzaA==",
      "cpu": [
        "arm64"
      ],
      "license": "SEE LICENSE IN LICENSE.md",
      "optional": true,
      "os": [
        "win32"
      ]
    },
    "node_modules/@anthropic-ai/claude-code-win32-x64": {
      "version": "2.1.233",
      "resolved": "https://registry.npmjs.org/@anthropic-ai/claude-code-win32-x64/-/claude-code-win32-x64-2.1.233.tgz",
      "integrity": "sha512-8tg7+eDee3JfjBdNgxhVYrYr9eweqprRxten1OW+hrSTvKV5YjZb0CheFqtaqilDLILLt8LRQ0n/YeweQeycyA==",
      "cpu": [
        "x64"
      ],
      "license": "SEE LICENSE IN LICENSE.md",
      "optional": true,
      "os": [
        "win32"
      ]
    },
    "node_modules/@copilotkit/aimock": {
      "version": "1.38.0",
      "resolved": "https://registry.npmjs.org/@copilotkit/aimock/-/aimock-1.38.0.tgz",
      "integrity": "sha512-zrGXeSu0/LkHQgrM9Z68uU/k7qpYbnZ25i9djpNlYyDCDCUgKaQPbG1iIYOc+4vuigJmD91ujcK36mBKWz+JVw==",
      "license": "MIT",
      "bin": {
        "aimock": "dist/aimock-cli.js",
        "llmock": "dist/cli.js"
      },
      "engines": {
        "node": ">=20.15.0"
      },
      "peerDependencies": {
        "jest": ">=29",
        "vitest": ">=3"
      },
      "peerDependenciesMeta": {
        "jest": {
          "optional": true
        },
        "vitest": {
          "optional": true
        }
      }
    },
    "node_modules/@github/copilot": {
      "version": "1.0.80",
      "resolved": "https://registry.npmjs.org/@github/copilot/-/copilot-1.0.80.tgz",
      "integrity": "sha512-6tf93ZF56KOiTTAjK/UhLZkl1W543IzaTQly288kockJZFswpRTnQEI00Yvacpb39DTvTYu3/ha9SeKpo/pgZQ==",
      "license": "SEE LICENSE IN LICENSE.md",
      "dependencies": {
        "detect-libc": "^2.1.2"
      },
      "bin": {
        "copilot": "npm-loader.js"
      },
      "optionalDependencies": {
        "@github/copilot-darwin-arm64": "1.0.80",
        "@github/copilot-darwin-x64": "1.0.80",
        "@github/copilot-linux-arm64": "1.0.80",
        "@github/copilot-linux-x64": "1.0.80",
        "@github/copilot-linuxmusl-arm64": "1.0.80",
        "@github/copilot-linuxmusl-x64": "1.0.80",
        "@github/copilot-win32-arm64": "1.0.80",
        "@github/copilot-win32-x64": "1.0.80"
      }
    },
    "node_modules/@github/copilot-darwin-arm64": {
      "version": "1.0.80",
      "resolved": "https://registry.npmjs.org/@github/copilot-darwin-arm64/-/copilot-darwin-arm64-1.0.80.tgz",
      "integrity": "sha512-fzn4PnSx3+O/a3ip72KVsjnzORsEygK+0i21bFAnFBYS+0Wi1Pk+o/CmNsJ7aRbf1enSJrcH8UDVkyc9pMGEBg==",
      "cpu": [
        "arm64"
      ],
      "license": "SEE LICENSE IN LICENSE.md",
      "optional": true,
      "os": [
        "darwin"
      ],
      "bin": {
        "copilot-darwin-arm64": "copilot"
      }
    },
    "node_modules/@github/copilot-darwin-x64": {
      "version": "1.0.80",
      "resolved": "https://registry.npmjs.org/@github/copilot-darwin-x64/-/copilot-darwin-x64-1.0.80.tgz",
      "integrity": "sha512-PKsyGk5DccNzR3bYXcYTGB9N6sHzhzGqEwq/2t1qBwqPbrC98Zo2dOT2G40/QYpJ4XdrGmTmdmfPJQ9PJknlIQ==",
      "cpu": [
        "x64"
      ],
      "license": "SEE LICENSE IN LICENSE.md",
      "optional": true,
      "os": [
        "darwin"
      ],
      "bin": {
        "copilot-darwin-x64": "copilot"
      }
    },
    "node_modules/@github/copilot-linux-arm64": {
      "version": "1.0.80",
      "resolved": "https://registry.npmjs.org/@github/copilot-linux-arm64/-/copilot-linux-arm64-1.0.80.tgz",
      "integrity": "sha512-8oXwN2luyHEjIoSk8AkATBjXDhRoQtuiUvC93GpfQKFHI+I1eoOVwIsAq5fKP8jNCF2rOrYFIcTjwmRt38kCcQ==",
      "cpu": [
        "arm64"
      ],
      "libc": [
        "glibc"
      ],
      "license": "SEE LICENSE IN LICENSE.md",
      "optional": true,
      "os": [
        "linux"
      ],
      "bin": {
        "copilot-linux-arm64": "copilot"
      }
    },
    "node_modules/@github/copilot-linux-x64": {
      "version": "1.0.80",
      "resolved": "https://registry.npmjs.org/@github/copilot-linux-x64/-/copilot-linux-x64-1.0.80.tgz",
      "integrity": "sha512-qv1ytVNwA3IDK7kcQow+fAikD67t42+AQ8X42bK/7oudNiv4frVZMO0yh1DYIebVRcmEhmPvbVPY/ptVUK3cbA==",
      "cpu": [
        "x64"
      ],
      "libc": [
        "glibc"
      ],
      "license": "SEE LICENSE IN LICENSE.md",
      "optional": true,
      "os": [
        "linux"
      ],
      "bin": {
        "copilot-linux-x64": "copilot"
      }
    },
    "node_modules/@github/copilot-linuxmusl-arm64": {
      "version": "1.0.80",
      "resolved": "https://registry.npmjs.org/@github/copilot-linuxmusl-arm64/-/copilot-linuxmusl-arm64-1.0.80.tgz",
      "integrity": "sha512-Qjyi+OlVnPC4Lkuy7blDMMwMUQI/yELl7gDnqQlaN8TEbhZqZueuf3p0a+kEjXcNsw4XtNYQc0eMJqSIYy/Pjg==",
      "cpu": [
        "arm64"
      ],
      "libc": [
        "musl"
      ],
      "license": "SEE LICENSE IN LICENSE.md",
      "optional": true,
      "os": [
        "linux"
      ],
      "bin": {
        "copilot-linuxmusl-arm64": "copilot"
      }
    },
    "node_modules/@github/copilot-linuxmusl-x64": {
      "version": "1.0.80",
      "resolved": "https://registry.npmjs.org/@github/copilot-linuxmusl-x64/-/copilot-linuxmusl-x64-1.0.80.tgz",
      "integrity": "sha512-rBg8pugf+5FhiZxi2zkOr+rlcOVF6Xg63j1FvryfwPT4DJ2w5Na7O3lpS4sgu8QmsP5H+dAqjlXYLYsvSoVQ0g==",
      "cpu": [
        "x64"
      ],
      "libc": [
        "musl"
      ],
      "license": "SEE LICENSE IN LICENSE.md",
      "optional": true,
      "os": [
        "linux"
      ],
      "bin": {
        "copilot-linuxmusl-x64": "copilot"
      }
    },
    "node_modules/@github/copilot-win32-arm64": {
      "version": "1.0.80",
      "resolved": "https://registry.npmjs.org/@github/copilot-win32-arm64/-/copilot-win32-arm64-1.0.80.tgz",
      "integrity": "sha512-+f7Vkd3vt2DYOxRnS8dStvYu3DY638N/AuLuIjxZp1F9GgwCUZK69wspqIxg2L59PmRRQcH4AGTrRDR60ENIZA==",
      "cpu": [
        "arm64"
      ],
      "license": "SEE LICENSE IN LICENSE.md",
      "optional": true,
      "os": [
        "win32"
      ],
      "bin": {
        "copilot-win32-arm64": "copilot.exe"
      }
    },
    "node_modules/@github/copilot-win32-x64": {
      "version": "1.0.80",
      "resolved": "https://registry.npmjs.org/@github/copilot-win32-x64/-/copilot-win32-x64-1.0.80.tgz",
      "integrity": "sha512-PO0kPqhRTWQfsqGaj4UN3cj8ttkcJYy4wmXiArtFm+03AIFu8xTvuhQDPn2xEOsUome7m7t2XomKoavcrCcRsw==",
      "cpu": [
        "x64"
      ],
      "license": "SEE LICENSE IN LICENSE.md",
      "optional": true,
      "os": [
        "win32"
      ],
      "bin": {
        "copilot-win32-x64": "copilot.exe"
      }
    },
    "node_modules/@github/keytar": {
      "version": "7.10.6",
      "resolved": "https://registry.npmjs.org/@github/keytar/-/keytar-7.10.6.tgz",
      "integrity": "sha512-mRW6cUsSG+nj4jp5gp8e91zPySaT73r+2JM6VyMZfrEgksjPmjSMr+tPGNOK3HUHV+GUU9B1LAiiYy/wmAnIxA==",
      "hasInstallScript": true,
      "optional": true,
      "dependencies": {
        "node-addon-api": "^8.3.0"
      }
    },
    "node_modules/@google/gemini-cli": {
      "version": "0.55.1",
      "resolved": "https://registry.npmjs.org/@google/gemini-cli/-/gemini-cli-0.55.1.tgz",
      "integrity": "sha512-leEv91V7J3YWhZdXqYIj4nTl0hXl8oNos5aVR0whPCFqVbRvoFPTzaQOHdI2UIT1wGgp+XdCi4qUrFDnUFN7RQ==",
      "license": "Apache-2.0",
      "bin": {
        "gemini": "bundle/gemini.js"
      },
      "engines": {
        "node": ">=20"
      },
      "optionalDependencies": {
        "@github/keytar": "7.10.6",
        "@lydell/node-pty": "1.1.0",
        "@lydell/node-pty-darwin-arm64": "1.1.0",
        "@lydell/node-pty-darwin-x64": "1.1.0",
        "@lydell/node-pty-linux-x64": "1.1.0",
        "@lydell/node-pty-win32-arm64": "1.1.0",
        "@lydell/node-pty-win32-x64": "1.1.0",
        "node-pty": "1.0.0"
      }
    },
    "node_modules/@lydell/node-pty": {
      "version": "1.1.0",
      "resolved": "https://registry.npmjs.org/@lydell/node-pty/-/node-pty-1.1.0.tgz",
      "integrity": "sha512-VDD8LtlMTOrPKWMXUAcB9+LTktzuunqrMwkYR1DMRBkS6LQrCt+0/Ws1o2rMml/n3guePpS7cxhHF7Nm5K4iMw==",
      "optional": true,
      "optionalDependencies": {
        "@lydell/node-pty-darwin-arm64": "1.1.0",
        "@lydell/node-pty-darwin-x64": "1.1.0",
        "@lydell/node-pty-linux-arm64": "1.1.0",
        "@lydell/node-pty-linux-x64": "1.1.0",
        "@lydell/node-pty-win32-arm64": "1.1.0",
        "@lydell/node-pty-win32-x64": "1.1.0"
      }
    },
    "node_modules/@lydell/node-pty-darwin-arm64": {
      "version": "1.1.0",
      "resolved": "https://registry.npmjs.org/@lydell/node-pty-darwin-arm64/-/node-pty-darwin-arm64-1.1.0.tgz",
      "integrity": "sha512-7kFD+owAA61qmhJCtoMbqj3Uvff3YHDiU+4on5F2vQdcMI3MuwGi7dM6MkFG/yuzpw8LF2xULpL71tOPUfxs0w==",
      "cpu": [
        "arm64"
      ],
      "optional": true,
      "os": [
        "darwin"
      ]
    },
    "node_modules/@lydell/node-pty-darwin-x64": {
      "version": "1.1.0",
      "resolved": "https://registry.npmjs.org/@lydell/node-pty-darwin-x64/-/node-pty-darwin-x64-1.1.0.tgz",
      "integrity": "sha512-XZdvqj5FjAMjH8bdp0YfaZjur5DrCIDD1VYiE9EkkYVMDQqRUPHYV3U8BVEQVT9hYfjmpr7dNaELF2KyISWSNA==",
      "cpu": [
        "x64"
      ],
      "optional": true,
      "os": [
        "darwin"
      ]
    },
    "node_modules/@lydell/node-pty-linux-arm64": {
      "version": "1.1.0",
      "resolved": "https://registry.npmjs.org/@lydell/node-pty-linux-arm64/-/node-pty-linux-arm64-1.1.0.tgz",
      "integrity": "sha512-yyDBmalCfHpLiQMT2zyLcqL2Fay4Xy7rIs8GH4dqKLnEviMvPGOK7LADVkKAsbsyXBSISL3Lt1m1MtxhPH6ckg==",
      "cpu": [
        "arm64"
      ],
      "optional": true,
      "os": [
        "linux"
      ]
    },
    "node_modules/@lydell/node-pty-linux-x64": {
      "version": "1.1.0",
      "resolved": "https://registry.npmjs.org/@lydell/node-pty-linux-x64/-/node-pty-linux-x64-1.1.0.tgz",
      "integrity": "sha512-NcNqRTD14QT+vXcEuqSSvmWY+0+WUBn2uRE8EN0zKtDpIEr9d+YiFj16Uqds6QfcLCHfZmC+Ls7YzwTaqDnanA==",
      "cpu": [
        "x64"
      ],
      "optional": true,
      "os": [
        "linux"
      ]
    },
    "node_modules/@lydell/node-pty-win32-arm64": {
      "version": "1.1.0",
      "resolved": "https://registry.npmjs.org/@lydell/node-pty-win32-arm64/-/node-pty-win32-arm64-1.1.0.tgz",
      "integrity": "sha512-JOMbCou+0fA7d/m97faIIfIU0jOv8sn2OR7tI45u3AmldKoKoLP8zHY6SAvDDnI3fccO1R2HeR1doVjpS7HM0w==",
      "cpu": [
        "arm64"
      ],
      "optional": true,
      "os": [
        "win32"
      ]
    },
    "node_modules/@lydell/node-pty-win32-x64": {
      "version": "1.1.0",
      "resolved": "https://registry.npmjs.org/@lydell/node-pty-win32-x64/-/node-pty-win32-x64-1.1.0.tgz",
      "integrity": "sha512-3N56BZ+WDFnUMYRtsrr7Ky2mhWGl9xXcyqR6cexfuCqcz9RNWL+KoXRv/nZylY5dYaXkft4JaR1uVu+roiZDAw==",
      "cpu": [
        "x64"
      ],
      "optional": true,
      "os": [
        "win32"
      ]
    },
    "node_modules/@openai/codex": {
      "version": "0.147.0",
      "resolved": "https://registry.npmjs.org/@openai/codex/-/codex-0.147.0.tgz",
      "integrity": "sha512-EQLEXecAG2ptxI7UpBMo2TR/ga5596/c/OsYF/0LoUDh5JANZ7IoGqlzBEWbuEVQ76JePIbtTW/ihCkp1a7Z3w==",
      "license": "Apache-2.0",
      "bin": {
        "codex": "bin/codex.js"
      },
      "engines": {
        "node": ">=16"
      },
      "optionalDependencies": {
        "@openai/codex-darwin-arm64": "npm:@openai/codex@0.147.0-darwin-arm64",
        "@openai/codex-darwin-x64": "npm:@openai/codex@0.147.0-darwin-x64",
        "@openai/codex-linux-arm64": "npm:@openai/codex@0.147.0-linux-arm64",
        "@openai/codex-linux-x64": "npm:@openai/codex@0.147.0-linux-x64",
        "@openai/codex-win32-arm64": "npm:@openai/codex@0.147.0-win32-arm64",
        "@openai/codex-win32-x64": "npm:@openai/codex@0.147.0-win32-x64"
      }
    },
    "node_modules/@openai/codex-darwin-arm64": {
      "name": "@openai/codex",
      "version": "0.147.0-darwin-arm64",
      "resolved": "https://registry.npmjs.org/@openai/codex/-/codex-0.147.0-darwin-arm64.tgz",
      "integrity": "sha512-BEUVkiOW7kLcRyrMLfAr/h9wF8sRVJyZDy6OHtVn6QGDXiv3BvAZVTY1Pu9xF7KdIdkYXbp4uayN0aDQQaAUJw==",
      "cpu": [
        "arm64"
      ],
      "license": "Apache-2.0",
      "optional": true,
      "os": [
        "darwin"
      ],
      "engines": {
        "node": ">=16"
      }
    },
    "node_modules/@openai/codex-darwin-x64": {
      "name": "@openai/codex",
      "version": "0.147.0-darwin-x64",
      "resolved": "https://registry.npmjs.org/@openai/codex/-/codex-0.147.0-darwin-x64.tgz",
      "integrity": "sha512-Tb8McE5SvJIH0Vs5R6sq7u+quiC931yan2KOOl6km1OdZ82+Wi7eF5XrSFPs5CF7xCgoIK4Vs+byMbT5hN+ZUw==",
      "cpu": [
        "x64"
      ],
      "license": "Apache-2.0",
      "optional": true,
      "os": [
        "darwin"
      ],
      "engines": {
        "node": ">=16"
      }
    },
    "node_modules/@openai/codex-linux-arm64": {
      "name": "@openai/codex",
      "version": "0.147.0-linux-arm64",
      "resolved": "https://registry.npmjs.org/@openai/codex/-/codex-0.147.0-linux-arm64.tgz",
      "integrity": "sha512-SLC1JXw2TYfr/c3HhrJubyyLelq7vTOLWVmiThFA+z0+WgzCPmaseJ/kzDD3Gge/TO7fCnnj7UcPmC0d2c8XAg==",
      "cpu": [
        "arm64"
      ],
      "license": "Apache-2.0",
      "optional": true,
      "os": [
        "linux"
      ],
      "engines": {
        "node": ">=16"
      }
    },
    "node_modules/@openai/codex-linux-x64": {
      "name": "@openai/codex",
      "version": "0.147.0-linux-x64",
      "resolved": "https://registry.npmjs.org/@openai/codex/-/codex-0.147.0-linux-x64.tgz",
      "integrity": "sha512-0W9MBxPpWW0cSkNqrTDN2jR7rzzT7oNMhQY5446lT2Lw5cz5yhDTck4Va9rjkQEm+HlFzP/dmEMSZbXfJsINmw==",
      "cpu": [
        "x64"
      ],
      "license": "Apache-2.0",
      "optional": true,
      "os": [
        "linux"
      ],
      "engines": {
        "node": ">=16"
      }
    },
    "node_modules/@openai/codex-win32-arm64": {
      "name": "@openai/codex",
      "version": "0.147.0-win32-arm64",
      "resolved": "https://registry.npmjs.org/@openai/codex/-/codex-0.147.0-win32-arm64.tgz",
      "integrity": "sha512-e2ZstJ8zT8Rm1nvR7CUVO+Gr3cTChE41+VfOzGhynzDXEoW0wfbjUQbc2bWbh1arG94LMm4y3dqBtUIbSrfeGA==",
      "cpu": [
        "arm64"
      ],
      "license": "Apache-2.0",
      "optional": true,
      "os": [
        "win32"
      ],
      "engines": {
        "node": ">=16"
      }
    },
    "node_modules/@openai/codex-win32-x64": {
      "name": "@openai/codex",
      "version": "0.147.0-win32-x64",
      "resolved": "https://registry.npmjs.org/@openai/codex/-/codex-0.147.0-win32-x64.tgz",
      "integrity": "sha512-oT7Ss5fAPf2fiWE9QNURqZcQGAAawSVxmIUdgPzckq4KFZAM+pRz9JbM4Rr498CjtbNgTOjWvDJ+DXvIBSfOPA==",
      "cpu": [
        "x64"
      ],
      "license": "Apache-2.0",
      "optional": true,
      "os": [
        "win32"
      ],
      "engines": {
        "node": ">=16"
      }
    },
    "node_modules/detect-libc": {
      "version": "2.1.2",
      "resolved": "https://registry.npmjs.org/detect-libc/-/detect-libc-2.1.2.tgz",
      "integrity": "sha512-Btj2BOOO83o3WyH59e8MgXsxEQVcarkUOpEYrubB0urwnN10yQ364rsiByU11nZlqWYZm05i/of7io4mzihBtQ==",
      "engines": {
        "node": ">=8"
      }
    },
    "node_modules/nan": {
      "version": "2.28.0",
      "resolved": "https://registry.npmjs.org/nan/-/nan-2.28.0.tgz",
      "integrity": "sha512-fTsDz99OTq2sVePhGdp4qQhggZFtKr64ZNVyVajRKtMOkJxYekplBh577PiJB12v/D3s2E5cGtOI45LWp6rnLQ==",
      "optional": true
    },
    "node_modules/node": {
      "version": "22.23.2",
      "resolved": "https://registry.npmjs.org/node/-/node-22.23.2.tgz",
      "integrity": "sha512-OGbbJ0gJCDJ+wEw+VkMxVgdfqYI81k3xaXof3dF2zX078bOttW7ZyMdxJYzJn3hvTwMyYEw/SvnqKqOCiA1C4w==",
      "hasInstallScript": true,
      "license": "MIT",
      "dependencies": {
        "node-bin-setup": "^1.0.0"
      },
      "bin": {
        "node": "bin/node"
      },
      "engines": {
        "npm": ">=5.0.0"
      }
    },
    "node_modules/node-addon-api": {
      "version": "8.9.0",
      "resolved": "https://registry.npmjs.org/node-addon-api/-/node-addon-api-8.9.0.tgz",
      "integrity": "sha512-ekZMeaaIzSQTSpr7X2X3iJM7lTzgnx8ahAG9pJfT/7+14mlEM8ZYQ9cgCDvSSRbReFK0oHli3WrZdCiRsgAT9Q==",
      "optional": true,
      "engines": {
        "node": "^18 || ^20 || >= 21"
      }
    },
    "node_modules/node-bin-setup": {
      "version": "1.1.4",
      "resolved": "https://registry.npmjs.org/node-bin-setup/-/node-bin-setup-1.1.4.tgz",
      "integrity": "sha512-vWNHOne0ZUavArqPP5LJta50+S8R261Fr5SvGul37HbEDcowvLjwdvd0ZeSr0r2lTSrPxl6okq9QUw8BFGiAxA=="
    },
    "node_modules/node-pty": {
      "version": "1.0.0",
      "resolved": "https://registry.npmjs.org/node-pty/-/node-pty-1.0.0.tgz",
      "integrity": "sha512-wtBMWWS7dFZm/VgqElrTvtfMq4GzJ6+edFI0Y0zyzygUSZMgZdraDUMUhCIvkjhJjme15qWmbyJbtAx4ot4uZA==",
      "hasInstallScript": true,
      "optional": true,
      "dependencies": {
        "nan": "^2.17.0"
      }
    },
    "node_modules/opencode-ai": {
      "version": "1.18.18",
      "resolved": "https://registry.npmjs.org/opencode-ai/-/opencode-ai-1.18.18.tgz",
      "integrity": "sha512-J+5HFq8tf+wPBBpBpMPSNjSytF2/EkNWYfFZh4si1d9auFbQriqDyqZv+vFUsLWERfdMU32Eajwuiq3rKBvZLQ==",
      "cpu": [
        "arm64",
        "x64"
      ],
      "hasInstallScript": true,
      "license": "MIT",
      "os": [
        "darwin",
        "linux",
        "win32"
      ],
      "bin": {
        "opencode": "bin/opencode.exe"
      },
      "optionalDependencies": {
        "opencode-darwin-arm64": "1.18.18",
        "opencode-darwin-x64": "1.18.18",
        "opencode-darwin-x64-baseline": "1.18.18",
        "opencode-linux-arm64": "1.18.18",
        "opencode-linux-arm64-musl": "1.18.18",
        "opencode-linux-x64": "1.18.18",
        "opencode-linux-x64-baseline": "1.18.18",
        "opencode-linux-x64-baseline-musl": "1.18.18",
        "opencode-linux-x64-musl": "1.18.18",
        "opencode-windows-arm64": "1.18.18",
        "opencode-windows-x64": "1.18.18",
        "opencode-windows-x64-baseline": "1.18.18"
      }
    },
    "node_modules/opencode-darwin-arm64": {
      "version": "1.18.18",
      "resolved": "https://registry.npmjs.org/opencode-darwin-arm64/-/opencode-darwin-arm64-1.18.18.tgz",
      "integrity": "sha512-VkG+bz8u8Xqg9NzPK+2/71nEd4DKKlo2NLZurQ1eLAzDnmb1CMYZif/o6Shl8YFuTuYU/30k6yufl4Zr0Ij64g==",
      "cpu": [
        "arm64"
      ],
      "optional": true,
      "os": [
        "darwin"
      ]
    },
    "node_modules/opencode-darwin-x64": {
      "version": "1.18.18",
      "resolved": "https://registry.npmjs.org/opencode-darwin-x64/-/opencode-darwin-x64-1.18.18.tgz",
      "integrity": "sha512-xox5XJJ1bI5qDEbxWWR9pWY2Gak5IuSfDcObyWunRUiN7J8OiwyazsJs1HGsTSkVhisk8SNbFIr0/0xQGhxSZg==",
      "cpu": [
        "x64"
      ],
      "optional": true,
      "os": [
        "darwin"
      ]
    },
    "node_modules/opencode-darwin-x64-baseline": {
      "version": "1.18.18",
      "resolved": "https://registry.npmjs.org/opencode-darwin-x64-baseline/-/opencode-darwin-x64-baseline-1.18.18.tgz",
      "integrity": "sha512-NYlIeOOxKPrqY6rdVIjQV4h+eE1AFCHzEcoxXhc8zSvqnCVIO0hMtdNm3l3HhrDucWmdh1BsQBUoZlrBOvAl4w==",
      "cpu": [
        "x64"
      ],
      "optional": true,
      "os": [
        "darwin"
      ]
    },
    "node_modules/opencode-linux-arm64": {
      "version": "1.18.18",
      "resolved": "https://registry.npmjs.org/opencode-linux-arm64/-/opencode-linux-arm64-1.18.18.tgz",
      "integrity": "sha512-e8D3g0qJEIzawEg2+ygW3vkZjAYL2ssyAx4GbihjwXwZFvlZZy5zRWWzdz5KLBoHSTl0FB73vNtnNeXONyHpVQ==",
      "cpu": [
        "arm64"
      ],
      "optional": true,
      "os": [
        "linux"
      ]
    },
    "node_modules/opencode-linux-arm64-musl": {
      "version": "1.18.18",
      "resolved": "https://registry.npmjs.org/opencode-linux-arm64-musl/-/opencode-linux-arm64-musl-1.18.18.tgz",
      "integrity": "sha512-Dp3XByFRRZngPAQotNbOwr22HgZej4r9Ck0Iv/rOVU+oO5fLD9YSpHEwx80FTZOZmFmd/vriCdrR/dGdzabICw==",
      "cpu": [
        "arm64"
      ],
      "libc": [
        "musl"
      ],
      "optional": true,
      "os": [
        "linux"
      ]
    },
    "node_modules/opencode-linux-x64": {
      "version": "1.18.18",
      "resolved": "https://registry.npmjs.org/opencode-linux-x64/-/opencode-linux-x64-1.18.18.tgz",
      "integrity": "sha512-WmeUnhljYJ252wywKTiW4bNDzsas2njpjPUEh0jM6HKNI4vFxJtREtzaWViY4AKEAcOkLWT8Ll17ixvcHz3AnA==",
      "cpu": [
        "x64"
      ],
      "optional": true,
      "os": [
        "linux"
      ]
    },
    "node_modules/opencode-linux-x64-baseline": {
      "version": "1.18.18",
      "resolved": "https://registry.npmjs.org/opencode-linux-x64-baseline/-/opencode-linux-x64-baseline-1.18.18.tgz",
      "integrity": "sha512-6GvFarhP0pDiXcE9Au8PWoqb9+ZLBIGKrhZxeVAmOJp/gJ8lLL1Eno8O1qpqRb1KjOfOaOD71jHu9xNaqmjEtw==",
      "cpu": [
        "x64"
      ],
      "optional": true,
      "os": [
        "linux"
      ]
    },
    "node_modules/opencode-linux-x64-baseline-musl": {
      "version": "1.18.18",
      "resolved": "https://registry.npmjs.org/opencode-linux-x64-baseline-musl/-/opencode-linux-x64-baseline-musl-1.18.18.tgz",
      "integrity": "sha512-cXD1gAZ+TTmdE3tnWy5qPstZjrnbPg0rPUwtcHeLaeB+KYxQWEoie1c88oYmZfQ+RWI6+/+LLF0FU29Uyd1Nrw==",
      "cpu": [
        "x64"
      ],
      "libc": [
        "musl"
      ],
      "optional": true,
      "os": [
        "linux"
      ]
    },
    "node_modules/opencode-linux-x64-musl": {
      "version": "1.18.18",
      "resolved": "https://registry.npmjs.org/opencode-linux-x64-musl/-/opencode-linux-x64-musl-1.18.18.tgz",
      "integrity": "sha512-lWiWxotqyVTJYiu2dN90KDNDSrwmyhZk8ajzyfAFjwms2TBVx4L0Ly6gkdhz8nxsxwPRv751W8+yUpzetB8AMA==",
      "cpu": [
        "x64"
      ],
      "libc": [
        "musl"
      ],
      "optional": true,
      "os": [
        "linux"
      ]
    },
    "node_modules/opencode-windows-arm64": {
      "version": "1.18.18",
      "resolved": "https://registry.npmjs.org/opencode-windows-arm64/-/opencode-windows-arm64-1.18.18.tgz",
      "integrity": "sha512-Fj1LfP3kXUeD34N0FOw6vebS1oK2YmxA2nviAKOAPo8jLFjEgq5djAJ/WroPmS71VOP1EHlKhRshnK3Sx8pI2w==",
      "cpu": [
        "arm64"
      ],
      "optional": true,
      "os": [
        "win32"
      ]
    },
    "node_modules/opencode-windows-x64": {
      "version": "1.18.18",
      "resolved": "https://registry.npmjs.org/opencode-windows-x64/-/opencode-windows-x64-1.18.18.tgz",
      "integrity": "sha512-wbsBZsHDgfHaw9zJogFrrSfWpObtXMFjiA6xl6IFyeVGXsdKi6E8AWIMRZUxKVkf9X0P48mYUuaP1EHgmJCbpA==",
      "cpu": [
        "x64"
      ],
      "optional": true,
      "os": [
        "win32"
      ]
    },
    "node_modules/opencode-windows-x64-baseline": {
      "version": "1.18.18",
      "resolved": "https://registry.npmjs.org/opencode-windows-x64-baseline/-/opencode-windows-x64-baseline-1.18.18.tgz",
      "integrity": "sha512-IeTrXqbIDbXD5VXpeupRa8aD+l4lSNeq02/K0jnaEPvR5adv42tiN1rOENiTaO2uX+d9cQ/csCaJPBFiQvwoRg==",
      "cpu": [
        "x64"
      ],
      "optional": true,
      "os": [
        "win32"
      ]
    }
  }
}
