{
  "name": "@lumen-build/sync-harness-e2e-fixture",
  "version": "0.0.0",
  "lockfileVersion": 3,
  "requires": true,
  "packages": {
    "": {
      "name": "@lumen-build/sync-harness-e2e-fixture",
      "version": "0.0.0",
      "dependencies": {
        "@anthropic-ai/claude-code": "2.1.220",
        "@copilotkit/aimock": "1.37.4",
        "@google/gemini-cli": "0.53.0",
        "@openai/codex": "0.146.0",
        "node": "22.23.1",
        "opencode-ai": "1.18.9"
      }
    },
    "node_modules/@anthropic-ai/claude-code": {
      "version": "2.1.220",
      "resolved": "https://registry.npmjs.org/@anthropic-ai/claude-code/-/claude-code-2.1.220.tgz",
      "integrity": "sha512-ogBrvwkqF9f8okmnXKxmRNHuvtFxFEffe5pWdqOV3iQDxlUOKirFqnyWC7NGXXnDA4WkkbPH8pvSbwyCR2Auyw==",
      "hasInstallScript": true,
      "bin": {
        "claude": "bin/claude.exe"
      },
      "engines": {
        "node": ">=22.0.0"
      },
      "optionalDependencies": {
        "@anthropic-ai/claude-code-darwin-arm64": "2.1.220",
        "@anthropic-ai/claude-code-darwin-x64": "2.1.220",
        "@anthropic-ai/claude-code-linux-arm64": "2.1.220",
        "@anthropic-ai/claude-code-linux-arm64-musl": "2.1.220",
        "@anthropic-ai/claude-code-linux-x64": "2.1.220",
        "@anthropic-ai/claude-code-linux-x64-musl": "2.1.220",
        "@anthropic-ai/claude-code-win32-arm64": "2.1.220",
        "@anthropic-ai/claude-code-win32-x64": "2.1.220"
      }
    },
    "node_modules/@anthropic-ai/claude-code-darwin-arm64": {
      "version": "2.1.220",
      "resolved": "https://registry.npmjs.org/@anthropic-ai/claude-code-darwin-arm64/-/claude-code-darwin-arm64-2.1.220.tgz",
      "integrity": "sha512-rmtd41Bf+n+YnhjSjtQ8WG5qy8KKogUp3YRfQrkLsTgPUD0H3j869rBInBJT3SHrKQ0hLghQLGM73CC1C+USLQ==",
      "cpu": [
        "arm64"
      ],
      "optional": true,
      "os": [
        "darwin"
      ]
    },
    "node_modules/@anthropic-ai/claude-code-darwin-x64": {
      "version": "2.1.220",
      "resolved": "https://registry.npmjs.org/@anthropic-ai/claude-code-darwin-x64/-/claude-code-darwin-x64-2.1.220.tgz",
      "integrity": "sha512-hbuoG+YCo37VzSKzKJ47ymRmt/YjASc3dRcsZtCcftLYdopv8KL889x/IbCl3cfp/VqV2rRDZ0f3aUDpHUFweQ==",
      "cpu": [
        "x64"
      ],
      "optional": true,
      "os": [
        "darwin"
      ]
    },
    "node_modules/@anthropic-ai/claude-code-linux-arm64": {
      "version": "2.1.220",
      "resolved": "https://registry.npmjs.org/@anthropic-ai/claude-code-linux-arm64/-/claude-code-linux-arm64-2.1.220.tgz",
      "integrity": "sha512-VHFI8mKruIntKn7eq81sbyS19/KWmQcmJQsS/C+j9M/E+w0s4UytgsL7DADPjBE/GByNiKoRtLYDMntCjRlOdA==",
      "cpu": [
        "arm64"
      ],
      "optional": true,
      "os": [
        "linux"
      ]
    },
    "node_modules/@anthropic-ai/claude-code-linux-arm64-musl": {
      "version": "2.1.220",
      "resolved": "https://registry.npmjs.org/@anthropic-ai/claude-code-linux-arm64-musl/-/claude-code-linux-arm64-musl-2.1.220.tgz",
      "integrity": "sha512-m37ALw8jcbSknuyG7xDQjGPY7Gth3eX8iFY1XFEWABVq1iUMVAUn96WC9eqwi8/JSqyG2t3oNRiqHdi2ZNKFGQ==",
      "cpu": [
        "arm64"
      ],
      "optional": true,
      "os": [
        "linux"
      ]
    },
    "node_modules/@anthropic-ai/claude-code-linux-x64": {
      "version": "2.1.220",
      "resolved": "https://registry.npmjs.org/@anthropic-ai/claude-code-linux-x64/-/claude-code-linux-x64-2.1.220.tgz",
      "integrity": "sha512-3CGFCnI0gpgsqNeJruFALBDGJaKXOuok3alQEg56ty2yOPpIrOx/r2Y0+T4uhJl7kP5Hzw4IFkxo4DZKWvzQ7Q==",
      "cpu": [
        "x64"
      ],
      "optional": true,
      "os": [
        "linux"
      ]
    },
    "node_modules/@anthropic-ai/claude-code-linux-x64-musl": {
      "version": "2.1.220",
      "resolved": "https://registry.npmjs.org/@anthropic-ai/claude-code-linux-x64-musl/-/claude-code-linux-x64-musl-2.1.220.tgz",
      "integrity": "sha512-+QyT1KikOdMRKReWFaBYGsroYx2vEjjx54DwhMoC24oE1DxjC+SlKjeOTRXAKiu0fr0O549Lkhg2tuT5xtQpAQ==",
      "cpu": [
        "x64"
      ],
      "optional": true,
      "os": [
        "linux"
      ]
    },
    "node_modules/@anthropic-ai/claude-code-win32-arm64": {
      "version": "2.1.220",
      "resolved": "https://registry.npmjs.org/@anthropic-ai/claude-code-win32-arm64/-/claude-code-win32-arm64-2.1.220.tgz",
      "integrity": "sha512-APqZwFBn38DBUwB65uUTetW7lbtUqFfAfOWKvkmOyqFDswDEsInaINuIwqMCl44WYcch10SaHhEZdXJU9MG3aQ==",
      "cpu": [
        "arm64"
      ],
      "optional": true,
      "os": [
        "win32"
      ]
    },
    "node_modules/@anthropic-ai/claude-code-win32-x64": {
      "version": "2.1.220",
      "resolved": "https://registry.npmjs.org/@anthropic-ai/claude-code-win32-x64/-/claude-code-win32-x64-2.1.220.tgz",
      "integrity": "sha512-UGrjH8cGhC6PzhTyZSdgf/RpKxpfk9XJZ/RT/wsG2AJg9yEJLjLg6/TrnlL8RFbEv6Zahu0Quytc02UOpA/GiA==",
      "cpu": [
        "x64"
      ],
      "optional": true,
      "os": [
        "win32"
      ]
    },
    "node_modules/@copilotkit/aimock": {
      "version": "1.37.4",
      "resolved": "https://registry.npmjs.org/@copilotkit/aimock/-/aimock-1.37.4.tgz",
      "integrity": "sha512-3fKSBrs7QDTRmYQM9RVh+2aC95KJcEbNHtAAuD8fJ3NdIx1bNdgWvwgWNJLzAuiZI3kSDwRgA0HlCVD6n0eP+A==",
      "bin": {
        "aimock": "dist/aimock-cli.js",
        "llmock": "dist/cli.js"
      },
      "engines": {
        "node": ">=20.15.0"
      },
      "peerDependencies": {
        "jest": ">=29",
        "vitest": ">=3"
      },
      "peerDependenciesMeta": {
        "jest": {
          "optional": true
        },
        "vitest": {
          "optional": true
        }
      }
    },
    "node_modules/@github/keytar": {
      "version": "7.10.6",
      "resolved": "https://registry.npmjs.org/@github/keytar/-/keytar-7.10.6.tgz",
      "integrity": "sha512-mRW6cUsSG+nj4jp5gp8e91zPySaT73r+2JM6VyMZfrEgksjPmjSMr+tPGNOK3HUHV+GUU9B1LAiiYy/wmAnIxA==",
      "hasInstallScript": true,
      "optional": true,
      "dependencies": {
        "node-addon-api": "^8.3.0"
      }
    },
    "node_modules/@google/gemini-cli": {
      "version": "0.53.0",
      "resolved": "https://registry.npmjs.org/@google/gemini-cli/-/gemini-cli-0.53.0.tgz",
      "integrity": "sha512-2taA43ERfQ4yPzJGYGTQ4LPjDsFs8d52v1SbInm8ZKtzSyXlHJnI4LHL/wGRBY0MGqH/IWCv7zvT+8aZPu3Sew==",
      "bin": {
        "gemini": "bundle/gemini.js"
      },
      "engines": {
        "node": ">=20"
      },
      "optionalDependencies": {
        "@github/keytar": "7.10.6",
        "@lydell/node-pty": "1.1.0",
        "@lydell/node-pty-darwin-arm64": "1.1.0",
        "@lydell/node-pty-darwin-x64": "1.1.0",
        "@lydell/node-pty-linux-x64": "1.1.0",
        "@lydell/node-pty-win32-arm64": "1.1.0",
        "@lydell/node-pty-win32-x64": "1.1.0",
        "node-pty": "1.0.0"
      }
    },
    "node_modules/@lydell/node-pty": {
      "version": "1.1.0",
      "resolved": "https://registry.npmjs.org/@lydell/node-pty/-/node-pty-1.1.0.tgz",
      "integrity": "sha512-VDD8LtlMTOrPKWMXUAcB9+LTktzuunqrMwkYR1DMRBkS6LQrCt+0/Ws1o2rMml/n3guePpS7cxhHF7Nm5K4iMw==",
      "optional": true,
      "optionalDependencies": {
        "@lydell/node-pty-darwin-arm64": "1.1.0",
        "@lydell/node-pty-darwin-x64": "1.1.0",
        "@lydell/node-pty-linux-arm64": "1.1.0",
        "@lydell/node-pty-linux-x64": "1.1.0",
        "@lydell/node-pty-win32-arm64": "1.1.0",
        "@lydell/node-pty-win32-x64": "1.1.0"
      }
    },
    "node_modules/@lydell/node-pty-darwin-arm64": {
      "version": "1.1.0",
      "resolved": "https://registry.npmjs.org/@lydell/node-pty-darwin-arm64/-/node-pty-darwin-arm64-1.1.0.tgz",
      "integrity": "sha512-7kFD+owAA61qmhJCtoMbqj3Uvff3YHDiU+4on5F2vQdcMI3MuwGi7dM6MkFG/yuzpw8LF2xULpL71tOPUfxs0w==",
      "cpu": [
        "arm64"
      ],
      "optional": true,
      "os": [
        "darwin"
      ]
    },
    "node_modules/@lydell/node-pty-darwin-x64": {
      "version": "1.1.0",
      "resolved": "https://registry.npmjs.org/@lydell/node-pty-darwin-x64/-/node-pty-darwin-x64-1.1.0.tgz",
      "integrity": "sha512-XZdvqj5FjAMjH8bdp0YfaZjur5DrCIDD1VYiE9EkkYVMDQqRUPHYV3U8BVEQVT9hYfjmpr7dNaELF2KyISWSNA==",
      "cpu": [
        "x64"
      ],
      "optional": true,
      "os": [
        "darwin"
      ]
    },
    "node_modules/@lydell/node-pty-linux-arm64": {
      "version": "1.1.0",
      "resolved": "https://registry.npmjs.org/@lydell/node-pty-linux-arm64/-/node-pty-linux-arm64-1.1.0.tgz",
      "integrity": "sha512-yyDBmalCfHpLiQMT2zyLcqL2Fay4Xy7rIs8GH4dqKLnEviMvPGOK7LADVkKAsbsyXBSISL3Lt1m1MtxhPH6ckg==",
      "cpu": [
        "arm64"
      ],
      "optional": true,
      "os": [
        "linux"
      ]
    },
    "node_modules/@lydell/node-pty-linux-x64": {
      "version": "1.1.0",
      "resolved": "https://registry.npmjs.org/@lydell/node-pty-linux-x64/-/node-pty-linux-x64-1.1.0.tgz",
      "integrity": "sha512-NcNqRTD14QT+vXcEuqSSvmWY+0+WUBn2uRE8EN0zKtDpIEr9d+YiFj16Uqds6QfcLCHfZmC+Ls7YzwTaqDnanA==",
      "cpu": [
        "x64"
      ],
      "optional": true,
      "os": [
        "linux"
      ]
    },
    "node_modules/@lydell/node-pty-win32-arm64": {
      "version": "1.1.0",
      "resolved": "https://registry.npmjs.org/@lydell/node-pty-win32-arm64/-/node-pty-win32-arm64-1.1.0.tgz",
      "integrity": "sha512-JOMbCou+0fA7d/m97faIIfIU0jOv8sn2OR7tI45u3AmldKoKoLP8zHY6SAvDDnI3fccO1R2HeR1doVjpS7HM0w==",
      "cpu": [
        "arm64"
      ],
      "optional": true,
      "os": [
        "win32"
      ]
    },
    "node_modules/@lydell/node-pty-win32-x64": {
      "version": "1.1.0",
      "resolved": "https://registry.npmjs.org/@lydell/node-pty-win32-x64/-/node-pty-win32-x64-1.1.0.tgz",
      "integrity": "sha512-3N56BZ+WDFnUMYRtsrr7Ky2mhWGl9xXcyqR6cexfuCqcz9RNWL+KoXRv/nZylY5dYaXkft4JaR1uVu+roiZDAw==",
      "cpu": [
        "x64"
      ],
      "optional": true,
      "os": [
        "win32"
      ]
    },
    "node_modules/@openai/codex": {
      "version": "0.146.0",
      "resolved": "https://registry.npmjs.org/@openai/codex/-/codex-0.146.0.tgz",
      "integrity": "sha512-yG3sPWNda/2YAIQIDq9MrrjoCTIQ7rxYM5IasrG3VBcuhCLTkgeg/JzqmJq1V98RE4MJ5jCxDXXQlOjrditFRw==",
      "bin": {
        "codex": "bin/codex.js"
      },
      "engines": {
        "node": ">=16"
      },
      "optionalDependencies": {
        "@openai/codex-darwin-arm64": "npm:@openai/codex@0.146.0-darwin-arm64",
        "@openai/codex-darwin-x64": "npm:@openai/codex@0.146.0-darwin-x64",
        "@openai/codex-linux-arm64": "npm:@openai/codex@0.146.0-linux-arm64",
        "@openai/codex-linux-x64": "npm:@openai/codex@0.146.0-linux-x64",
        "@openai/codex-win32-arm64": "npm:@openai/codex@0.146.0-win32-arm64",
        "@openai/codex-win32-x64": "npm:@openai/codex@0.146.0-win32-x64"
      }
    },
    "node_modules/@openai/codex-darwin-arm64": {
      "name": "@openai/codex",
      "version": "0.146.0-darwin-arm64",
      "resolved": "https://registry.npmjs.org/@openai/codex/-/codex-0.146.0-darwin-arm64.tgz",
      "integrity": "sha512-nb61yX4r5L6Z0dlC4o3u0GAK1YCd4TUvjaB382bajDoh84V+uv2hTBIVZ++fgXWV9yoeuNrNnNcn7GoTGOe2Tg==",
      "cpu": [
        "arm64"
      ],
      "optional": true,
      "os": [
        "darwin"
      ],
      "engines": {
        "node": ">=16"
      }
    },
    "node_modules/@openai/codex-darwin-x64": {
      "name": "@openai/codex",
      "version": "0.146.0-darwin-x64",
      "resolved": "https://registry.npmjs.org/@openai/codex/-/codex-0.146.0-darwin-x64.tgz",
      "integrity": "sha512-hTQR5jy/ObfTf1MDnuJCZJAe+SljKE8DDwQWN6lDFgjsPhMQz852U2tILt8Ei+G5GkQSzemHYKl2AYPwW0Y5xw==",
      "cpu": [
        "x64"
      ],
      "optional": true,
      "os": [
        "darwin"
      ],
      "engines": {
        "node": ">=16"
      }
    },
    "node_modules/@openai/codex-linux-arm64": {
      "name": "@openai/codex",
      "version": "0.146.0-linux-arm64",
      "resolved": "https://registry.npmjs.org/@openai/codex/-/codex-0.146.0-linux-arm64.tgz",
      "integrity": "sha512-qiYDxkkEFnXG7joadJW6Q+XcgyDXCpGdpa9nk/c+i0gEomur1j7bHvx12NfWWCF/y8Tqri6ay+FLuC2MjdehtA==",
      "cpu": [
        "arm64"
      ],
      "optional": true,
      "os": [
        "linux"
      ],
      "engines": {
        "node": ">=16"
      }
    },
    "node_modules/@openai/codex-linux-x64": {
      "name": "@openai/codex",
      "version": "0.146.0-linux-x64",
      "resolved": "https://registry.npmjs.org/@openai/codex/-/codex-0.146.0-linux-x64.tgz",
      "integrity": "sha512-fswvyGprAPCMiOEue/7MKMk7pCjh9kZIJfJX5i9atmfnmGYbYCcUhZsEH9LEP0+0t5xyPqDbfNXY7NSxIVuXxA==",
      "cpu": [
        "x64"
      ],
      "optional": true,
      "os": [
        "linux"
      ],
      "engines": {
        "node": ">=16"
      }
    },
    "node_modules/@openai/codex-win32-arm64": {
      "name": "@openai/codex",
      "version": "0.146.0-win32-arm64",
      "resolved": "https://registry.npmjs.org/@openai/codex/-/codex-0.146.0-win32-arm64.tgz",
      "integrity": "sha512-EW6zdjDe+SLX2Iw+xymJ5+Pz2+DGexdstfFHXh4Ub+TfJsQPiMjGfZfNaoWgdJ2FsqSIzVKu2+G0KCMGYz2W8g==",
      "cpu": [
        "arm64"
      ],
      "optional": true,
      "os": [
        "win32"
      ],
      "engines": {
        "node": ">=16"
      }
    },
    "node_modules/@openai/codex-win32-x64": {
      "name": "@openai/codex",
      "version": "0.146.0-win32-x64",
      "resolved": "https://registry.npmjs.org/@openai/codex/-/codex-0.146.0-win32-x64.tgz",
      "integrity": "sha512-b3lxMYeR0+IhstNo4JjX1P9cPc1xwVcCVkPd1lD1wpWPJ0SBhpIkPczwbu3ZRkJcdyl342+rgyf4DUrbZLdrGA==",
      "cpu": [
        "x64"
      ],
      "optional": true,
      "os": [
        "win32"
      ],
      "engines": {
        "node": ">=16"
      }
    },
    "node_modules/nan": {
      "version": "2.28.0",
      "resolved": "https://registry.npmjs.org/nan/-/nan-2.28.0.tgz",
      "integrity": "sha512-fTsDz99OTq2sVePhGdp4qQhggZFtKr64ZNVyVajRKtMOkJxYekplBh577PiJB12v/D3s2E5cGtOI45LWp6rnLQ==",
      "optional": true
    },
    "node_modules/node": {
      "version": "22.23.1",
      "resolved": "https://registry.npmjs.org/node/-/node-22.23.1.tgz",
      "integrity": "sha512-A4Vkfq69pVXFAKf9EXXGLACe29k15vcp8n0ga23MXMIYri3xePzxZlAcruLWB02WZ5Y95sjky05l8HFPrTAk4g==",
      "hasInstallScript": true,
      "dependencies": {
        "node-bin-setup": "^1.0.0"
      },
      "bin": {
        "node": "bin/node"
      },
      "engines": {
        "npm": ">=5.0.0"
      }
    },
    "node_modules/node-addon-api": {
      "version": "8.9.0",
      "resolved": "https://registry.npmjs.org/node-addon-api/-/node-addon-api-8.9.0.tgz",
      "integrity": "sha512-ekZMeaaIzSQTSpr7X2X3iJM7lTzgnx8ahAG9pJfT/7+14mlEM8ZYQ9cgCDvSSRbReFK0oHli3WrZdCiRsgAT9Q==",
      "optional": true,
      "engines": {
        "node": "^18 || ^20 || >= 21"
      }
    },
    "node_modules/node-bin-setup": {
      "version": "1.1.4",
      "resolved": "https://registry.npmjs.org/node-bin-setup/-/node-bin-setup-1.1.4.tgz",
      "integrity": "sha512-vWNHOne0ZUavArqPP5LJta50+S8R261Fr5SvGul37HbEDcowvLjwdvd0ZeSr0r2lTSrPxl6okq9QUw8BFGiAxA=="
    },
    "node_modules/node-pty": {
      "version": "1.0.0",
      "resolved": "https://registry.npmjs.org/node-pty/-/node-pty-1.0.0.tgz",
      "integrity": "sha512-wtBMWWS7dFZm/VgqElrTvtfMq4GzJ6+edFI0Y0zyzygUSZMgZdraDUMUhCIvkjhJjme15qWmbyJbtAx4ot4uZA==",
      "hasInstallScript": true,
      "optional": true,
      "dependencies": {
        "nan": "^2.17.0"
      }
    },
    "node_modules/opencode-ai": {
      "version": "1.18.9",
      "resolved": "https://registry.npmjs.org/opencode-ai/-/opencode-ai-1.18.9.tgz",
      "integrity": "sha512-tqvu/hJ26c2dBj/V/uTHaQI3bMSpLck0hIgGXO2z7b11s5mYfnaq+K1CBjsg8Pp6EirfzwUYGzi85K/SvOgkKg==",
      "cpu": [
        "arm64",
        "x64"
      ],
      "hasInstallScript": true,
      "os": [
        "darwin",
        "linux",
        "win32"
      ],
      "bin": {
        "opencode": "bin/opencode.exe"
      },
      "optionalDependencies": {
        "opencode-darwin-arm64": "1.18.9",
        "opencode-darwin-x64": "1.18.9",
        "opencode-darwin-x64-baseline": "1.18.9",
        "opencode-linux-arm64": "1.18.9",
        "opencode-linux-arm64-musl": "1.18.9",
        "opencode-linux-x64": "1.18.9",
        "opencode-linux-x64-baseline": "1.18.9",
        "opencode-linux-x64-baseline-musl": "1.18.9",
        "opencode-linux-x64-musl": "1.18.9",
        "opencode-windows-arm64": "1.18.9",
        "opencode-windows-x64": "1.18.9",
        "opencode-windows-x64-baseline": "1.18.9"
      }
    },
    "node_modules/opencode-darwin-arm64": {
      "version": "1.18.9",
      "resolved": "https://registry.npmjs.org/opencode-darwin-arm64/-/opencode-darwin-arm64-1.18.9.tgz",
      "integrity": "sha512-cTWxW9IFjDdzx9mscQgr5uL478moU64t486JebaSZmUPEGDJVQjvCtXfqbZDzVuoVorRfaytlykqrH3qTSL2VQ==",
      "cpu": [
        "arm64"
      ],
      "optional": true,
      "os": [
        "darwin"
      ]
    },
    "node_modules/opencode-darwin-x64": {
      "version": "1.18.9",
      "resolved": "https://registry.npmjs.org/opencode-darwin-x64/-/opencode-darwin-x64-1.18.9.tgz",
      "integrity": "sha512-Gg+od3RQbzntBjOk1MP8z13pv0cDOg0R7DvEnWlejv9fRp1zrRjFY2W46NOj9QfZsvXTZRIEgAfISSA3Ep+gdQ==",
      "cpu": [
        "x64"
      ],
      "optional": true,
      "os": [
        "darwin"
      ]
    },
    "node_modules/opencode-darwin-x64-baseline": {
      "version": "1.18.9",
      "resolved": "https://registry.npmjs.org/opencode-darwin-x64-baseline/-/opencode-darwin-x64-baseline-1.18.9.tgz",
      "integrity": "sha512-jObgKkHIvoS6J1ej0aYMi4EepxC3Fmf1+rv44JbmP44e3WXy86lPi2d7LHRSrQQFxe7OV0xFBF5TJzzLh9GGYA==",
      "cpu": [
        "x64"
      ],
      "optional": true,
      "os": [
        "darwin"
      ]
    },
    "node_modules/opencode-linux-arm64": {
      "version": "1.18.9",
      "resolved": "https://registry.npmjs.org/opencode-linux-arm64/-/opencode-linux-arm64-1.18.9.tgz",
      "integrity": "sha512-2IN4lLjhx2FICcMDnBsKgwrey0AvAM0SlNzzj7L71uakNxWvrhcqPYVpEhrEYUjIn+uQGMY5PjA+uupXigJE2A==",
      "cpu": [
        "arm64"
      ],
      "optional": true,
      "os": [
        "linux"
      ]
    },
    "node_modules/opencode-linux-arm64-musl": {
      "version": "1.18.9",
      "resolved": "https://registry.npmjs.org/opencode-linux-arm64-musl/-/opencode-linux-arm64-musl-1.18.9.tgz",
      "integrity": "sha512-LOqkwjjnEBlBri7UeX7HMrmQxuyunvSeojdhfZAJ0aUxq1lHBSKIEoZtdhM91xSLsifggpBNhCo2shJDBqqzBw==",
      "cpu": [
        "arm64"
      ],
      "optional": true,
      "os": [
        "linux"
      ]
    },
    "node_modules/opencode-linux-x64": {
      "version": "1.18.9",
      "resolved": "https://registry.npmjs.org/opencode-linux-x64/-/opencode-linux-x64-1.18.9.tgz",
      "integrity": "sha512-VrvzV5Agrj0T2ZPvr5gzmh8xc4zqQ5pW8UeNgTzt5cJ/9Cbdxw6oFywgv7nfJqlpSfQqTWYJYH+LIHt3QdCS5g==",
      "cpu": [
        "x64"
      ],
      "optional": true,
      "os": [
        "linux"
      ]
    },
    "node_modules/opencode-linux-x64-baseline": {
      "version": "1.18.9",
      "resolved": "https://registry.npmjs.org/opencode-linux-x64-baseline/-/opencode-linux-x64-baseline-1.18.9.tgz",
      "integrity": "sha512-x4KiJk9EF7ktM18Ru5Jue4kTntxMvlhWb7tHniQGGRvY2KeoK1iIkyAFd7ri5H/fSkM22hNv/Gg1Jk6/h9IlxQ==",
      "cpu": [
        "x64"
      ],
      "optional": true,
      "os": [
        "linux"
      ]
    },
    "node_modules/opencode-linux-x64-baseline-musl": {
      "version": "1.18.9",
      "resolved": "https://registry.npmjs.org/opencode-linux-x64-baseline-musl/-/opencode-linux-x64-baseline-musl-1.18.9.tgz",
      "integrity": "sha512-ozzi6DAPZCBvAAqf4BuA5ZSFK6rXcU4ECdob3AO4ThQiE6/r8AlG5GjU1SBj51Kikplq4WuvImHUcyMyL7dMpQ==",
      "cpu": [
        "x64"
      ],
      "optional": true,
      "os": [
        "linux"
      ]
    },
    "node_modules/opencode-linux-x64-musl": {
      "version": "1.18.9",
      "resolved": "https://registry.npmjs.org/opencode-linux-x64-musl/-/opencode-linux-x64-musl-1.18.9.tgz",
      "integrity": "sha512-Z0W+SSHRlwEU5cQXqaDsg+9Sffwnd1QXohp4vWovlJSMD5XEx47xIukNxXNLSsdNMzlPeu7PHX/W1lUEohRU0Q==",
      "cpu": [
        "x64"
      ],
      "optional": true,
      "os": [
        "linux"
      ]
    },
    "node_modules/opencode-windows-arm64": {
      "version": "1.18.9",
      "resolved": "https://registry.npmjs.org/opencode-windows-arm64/-/opencode-windows-arm64-1.18.9.tgz",
      "integrity": "sha512-3u4GvP7A28Cc9OC4wto3I/lorzgQ5IXHxZemTzHYlUzlyoWD/Wca6fHPNTW8NPVrLLkrGBZii2ScBLFBtSLItA==",
      "cpu": [
        "arm64"
      ],
      "optional": true,
      "os": [
        "win32"
      ]
    },
    "node_modules/opencode-windows-x64": {
      "version": "1.18.9",
      "resolved": "https://registry.npmjs.org/opencode-windows-x64/-/opencode-windows-x64-1.18.9.tgz",
      "integrity": "sha512-OpL1pj8Ipr0EkeLYVcdkSnbDl6ProIMiP1s/JrodHRZooRZO+udgRcJRTiMJMhgFycxAP8UQvZqzv1kd8LK7Fw==",
      "cpu": [
        "x64"
      ],
      "optional": true,
      "os": [
        "win32"
      ]
    },
    "node_modules/opencode-windows-x64-baseline": {
      "version": "1.18.9",
      "resolved": "https://registry.npmjs.org/opencode-windows-x64-baseline/-/opencode-windows-x64-baseline-1.18.9.tgz",
      "integrity": "sha512-TztR78CzLAixH0hEQSlSZ2OPIM3QRVHD35sxI3Ibd+lXp6gniMoqjd9jmypwzQJFUMpkBfYNpZnxsI5zmOPjPQ==",
      "cpu": [
        "x64"
      ],
      "optional": true,
      "os": [
        "win32"
      ]
    }
  }
}
